
Microsoft Visual Studio Solution File, Format Version 12.00
Project("{FAE04EC0-301F-11D3-BF4B-00C04F79EFBC}") = "KalbAPP", "KalbAPP\KalbAPP.csproj", "{44A15332-515B-46D5-9F3D-4A060AB4BF2F}"
EndProject
Project("{FAE04EC0-301F-11D3-BF4B-00C04F79EFBC}") = "OsobniWebik", "..\OsobniWebik\OsobniWebik.csproj", "{0A78B708-2AE5-40DD-A600-0019FC5E7638}"
EndProject
Global
	GlobalSection(SolutionConfigurationPlatforms) = preSolution
		Debug|Any CPU = Debug|Any CPU
		Release|Any CPU = Release|Any CPU
	EndGlobalSection
	GlobalSection(ProjectConfigurationPlatforms) = postSolution
		{44A15332-515B-46D5-9F3D-4A060AB4BF2F}.Debug|Any CPU.ActiveCfg = Debug|Any CPU
		{44A15332-515B-46D5-9F3D-4A060AB4BF2F}.Debug|Any CPU.Build.0 = Debug|Any CPU
		{44A15332-515B-46D5-9F3D-4A060AB4BF2F}.Release|Any CPU.ActiveCfg = Release|Any CPU
		{44A15332-515B-46D5-9F3D-4A060AB4BF2F}.Release|Any CPU.Build.0 = Release|Any CPU
		{0A78B708-2AE5-40DD-A600-0019FC5E7638}.Debug|Any CPU.ActiveCfg = Debug|Any CPU
		{0A78B708-2AE5-40DD-A600-0019FC5E7638}.Debug|Any CPU.Build.0 = Debug|Any CPU
		{0A78B708-2AE5-40DD-A600-0019FC5E7638}.Release|Any CPU.ActiveCfg = Release|Any CPU
		{0A78B708-2AE5-40DD-A600-0019FC5E7638}.Release|Any CPU.Build.0 = Release|Any CPU
	EndGlobalSection
EndGlobal
